
Microsoft Visual Studio Solution File, Format Version 12.00
# Visual Studio Version 16
VisualStudioVersion = 16.0.31129.286
MinimumVisualStudioVersion = 10.0.40219.1
Project("{FAE04EC0-301F-11D3-BF4B-00C04F79EFBC}") = "TodoifyData", "TodoifyData\TodoifyData.csproj", "{0AD5243E-0A4D-4D10-A6CB-2B0A73F8C9F3}"
EndProject
Global
	GlobalSection(SolutionConfigurationPlatforms) = preSolution
		Debug|Any CPU = Debug|Any CPU
		Release|Any CPU = Release|Any CPU
	EndGlobalSection
	GlobalSection(ProjectConfigurationPlatforms) = postSolution
		{0AD5243E-0A4D-4D10-A6CB-2B0A73F8C9F3}.Debug|Any CPU.ActiveCfg = Debug|Any CPU
		{0AD5243E-0A4D-4D10-A6CB-2B0A73F8C9F3}.Debug|Any CPU.Build.0 = Debug|Any CPU
		{0AD5243E-0A4D-4D10-A6CB-2B0A73F8C9F3}.Release|Any CPU.ActiveCfg = Release|Any CPU
		{0AD5243E-0A4D-4D10-A6CB-2B0A73F8C9F3}.Release|Any CPU.Build.0 = Release|Any CPU
	EndGlobalSection
	GlobalSection(SolutionProperties) = preSolution
		HideSolutionNode = FALSE
	EndGlobalSection
	GlobalSection(ExtensibilityGlobals) = postSolution
		SolutionGuid = {9291E556-4620-4AE6-9D17-758B3588A4DA}
	EndGlobalSection
EndGlobal
